<?xml version="1.0" encoding="utf-8"?>
<Project ToolsVersion="4.0" xmlns="http://schemas.microsoft.com/developer/msbuild/2003">
  <ItemGroup>
    <Filter Include="Header Files">
      <UniqueIdentifier>{93995380-89BD-4b04-88EB-625FBE52EBFB}</UniqueIdentifier>
      <Extensions>h;hh;hpp;hxx;h++;hm;inl;inc;ipp;xsd</Extensions>
    </Filter>
    <Filter Include="Source Files">
      <UniqueIdentifier>{4FC737F1-C7A5-4376-A066-2A32D752A2FF}</UniqueIdentifier>
      <Extensions>cpp;c;cc;cxx;c++;cppm;ixx;def;odl;idl;hpj;bat;asm;asmx</Extensions>
    </Filter>
    <Filter Include="Header Files\Analyzers">
      <UniqueIdentifier>{11111111-2222-3333-4444-555555555555}</UniqueIdentifier>
    </Filter>
    <Filter Include="Header Files\Analyzers\Hwp">
      <UniqueIdentifier>{11111111-2222-3333-4444-666666666666}</UniqueIdentifier>
    </Filter>
    <Filter Include="Header Files\Analyzers\Hwpx">
      <UniqueIdentifier>{11111111-2222-3333-4444-777777777777}</UniqueIdentifier>
    </Filter>
    <Filter Include="Header Files\Analyzers\Pdf">
      <UniqueIdentifier>{11111111-2222-3333-4444-888888888888}</UniqueIdentifier>
    </Filter>
    <Filter Include="Header Files\Factories">
      <UniqueIdentifier>{11111111-2222-3333-4444-999999999999}</UniqueIdentifier>
    </Filter>
    <Filter Include="Header Files\Managers">
      <UniqueIdentifier>{11111111-2222-3333-4444-aaaaaaaaaaaa}</UniqueIdentifier>
    </Filter>
    <Filter Include="Source Files\Analyzers">
      <UniqueIdentifier>{22222222-3333-4444-5555-666666666666}</UniqueIdentifier>
    </Filter>
    <Filter Include="Source Files\Analyzers\Hwp">
      <UniqueIdentifier>{22222222-3333-4444-5555-777777777777}</UniqueIdentifier>
    </Filter>
    <Filter Include="Source Files\Analyzers\Hwpx">
      <UniqueIdentifier>{22222222-3333-4444-5555-888888888888}</UniqueIdentifier>
    </Filter>
    <Filter Include="Source Files\Analyzers\Pdf">
      <UniqueIdentifier>{22222222-3333-4444-5555-999999999999}</UniqueIdentifier>
    </Filter>
    <Filter Include="Source Files\Factories">
      <UniqueIdentifier>{22222222-3333-4444-5555-aaaaaaaaaaaa}</UniqueIdentifier>
    </Filter>
    <Filter Include="Source Files\Managers">
      <UniqueIdentifier>{22222222-3333-4444-5555-bbbbbbbbbbbb}</UniqueIdentifier>
    </Filter>
  </ItemGroup>

  <ItemGroup>
    <ClInclude Include="Engine.h">
      <Filter>Header Files</Filter>
    </ClInclude>
    <ClInclude Include="Types.h">
      <Filter>Header Files</Filter>
    </ClInclude>
    <ClInclude Include="Managers\EngineStatusManager.h">
      <Filter>Header Files\Managers</Filter>
    </ClInclude>
    <ClInclude Include="Analyzers\DocumentAnalyzerBase.h">
      <Filter>Header Files\Analyzers</Filter>
    </ClInclude>
    <ClInclude Include="Analyzers\HwpDocumentAnalyzer.h">
      <Filter>Header Files\Analyzers</Filter>
    </ClInclude>
    <ClInclude Include="Analyzers\HwpxDocumentAnalyzer.h">
      <Filter>Header Files\Analyzers</Filter>
    </ClInclude>
    <ClInclude Include="Analyzers\PdfDocumentAnalyzer.h">
      <Filter>Header Files\Analyzers</Filter>
    </ClInclude>
    <ClInclude Include="Analyzers\Hwp\CheckHwpMacro.h">
      <Filter>Header Files\Analyzers\Hwp</Filter>
    </ClInclude>
    <ClInclude Include="Analyzers\Hwp\CheckHwpOleOverlay.h">
      <Filter>Header Files\Analyzers\Hwp</Filter>
    </ClInclude>
    <ClInclude Include="Analyzers\Hwp\CheckHwpStructure.h">
      <Filter>Header Files\Analyzers\Hwp</Filter>
    </ClInclude>
    <ClInclude Include="Analyzers\Hwpx\CheckHwpxZipOverlay.h">
      <Filter>Header Files\Analyzers\Hwpx</Filter>
    </ClInclude>
    <ClInclude Include="Analyzers\Pdf\CheckPdfEofOverlay.h">
      <Filter>Header Files\Analyzers\Pdf</Filter>
    </ClInclude>
    <ClInclude Include="Factories\DocumentAnalyzerFactory.h">
      <Filter>Header Files\Factories</Filter>
    </ClInclude>
  </ItemGroup>

  <ItemGroup>
    <ClCompile Include="Engine.cpp">
      <Filter>Source Files</Filter>
    </ClCompile>
    <ClCompile Include="Managers\EngineStatusManager.cpp">
      <Filter>Source Files\Managers</Filter>
    </ClCompile>
    <ClCompile Include="Analyzers\DocumentAnalyzerBase.cpp">
      <Filter>Source Files\Analyzers</Filter>
    </ClCompile>
    <ClCompile Include="Analyzers\HwpDocumentAnalyzer.cpp">
      <Filter>Source Files\Analyzers</Filter>
    </ClCompile>
    <ClCompile Include="Analyzers\HwpxDocumentAnalyzer.cpp">
      <Filter>Source Files\Analyzers</Filter>
    </ClCompile>
    <ClCompile Include="Analyzers\PdfDocumentAnalyzer.cpp">
      <Filter>Source Files\Analyzers</Filter>
    </ClCompile>
    <ClCompile Include="Analyzers\Hwp\CheckHwpMacro.cpp">
      <Filter>Source Files\Analyzers\Hwp</Filter>
    </ClCompile>
    <ClCompile Include="Analyzers\Hwp\CheckHwpOleOverlay.cpp">
      <Filter>Source Files\Analyzers\Hwp</Filter>
    </ClCompile>
    <ClCompile Include="Analyzers\Hwp\CheckHwpStructure.cpp">
      <Filter>Source Files\Analyzers\Hwp</Filter>
    </ClCompile>
    <ClCompile Include="Analyzers\Hwpx\CheckHwpxZipOverlay.cpp">
      <Filter>Source Files\Analyzers\Hwpx</Filter>
    </ClCompile>
    <ClCompile Include="Analyzers\Pdf\CheckPdfEofOverlay.cpp">
      <Filter>Source Files\Analyzers\Pdf</Filter>
    </ClCompile>
    <ClCompile Include="Factories\DocumentAnalyzerFactory.cpp">
      <Filter>Source Files\Factories</Filter>
    </ClCompile>
  </ItemGroup>
</Project>
